
Microsoft Visual Studio Solution File, Format Version 12.00
# Visual Studio Version 17
VisualStudioVersion = 17.12.35506.116
MinimumVisualStudioVersion = 10.0.40219.1
Project("{2150E333-8FDC-42A3-9474-1A3956D46DE8}") = "src", "src", "{EDDD7850-F5D2-4DD8-9C09-1D52B0852CD6}"
EndProject
Project("{2150E333-8FDC-42A3-9474-1A3956D46DE8}") = "test", "test", "{83F8F61C-42BA-4A39-8BCD-2688602C542D}"
EndProject
Project("{2150E333-8FDC-42A3-9474-1A3956D46DE8}") = "API", "API", "{17D019D1-5528-4F19-BD03-A74FE9000E7C}"
EndProject
Project("{2150E333-8FDC-42A3-9474-1A3956D46DE8}") = "Core", "Core", "{ACB46322-62AA-43E7-8F6E-932EC1871403}"
EndProject
Project("{2150E333-8FDC-42A3-9474-1A3956D46DE8}") = "Infra", "Infra", "{078D31CB-4EE0-4BF9-8006-C0BBBE70F41B}"
EndProject
Project("{FAE04EC0-301F-11D3-BF4B-00C04F79EFBC}") = "Domain", "Domain\Domain.csproj", "{FB250A5C-EA31-4514-8020-54336CB15769}"
EndProject
Project("{FAE04EC0-301F-11D3-BF4B-00C04F79EFBC}") = "Application", "Application\Application.csproj", "{7D96ABD4-F353-4146-AA38-B2F04DE18D62}"
EndProject
Project("{FAE04EC0-301F-11D3-BF4B-00C04F79EFBC}") = "Infrastructure", "Infra\Infrastructure.csproj", "{0F022A8E-EAC9-4A94-BF50-3E0922201485}"
EndProject
Project("{FAE04EC0-301F-11D3-BF4B-00C04F79EFBC}") = "Persistence", "Persistence\Persistence.csproj", "{090FAD96-4CFA-4F36-967D-7BF49B098226}"
EndProject
Project("{FAE04EC0-301F-11D3-BF4B-00C04F79EFBC}") = "Api", "Api\Api.csproj", "{3E9150C3-1267-4B68-A432-C0520524B360}"
EndProject
Project("{FAE04EC0-301F-11D3-BF4B-00C04F79EFBC}") = "Identity", "Identity\Identity.csproj", "{5DF76684-82E6-45AE-A4F8-3BEC94C09B9B}"
EndProject
Global
	GlobalSection(SolutionConfigurationPlatforms) = preSolution
		Debug|Any CPU = Debug|Any CPU
		Release|Any CPU = Release|Any CPU
	EndGlobalSection
	GlobalSection(ProjectConfigurationPlatforms) = postSolution
		{FB250A5C-EA31-4514-8020-54336CB15769}.Debug|Any CPU.ActiveCfg = Debug|Any CPU
		{FB250A5C-EA31-4514-8020-54336CB15769}.Debug|Any CPU.Build.0 = Debug|Any CPU
		{FB250A5C-EA31-4514-8020-54336CB15769}.Release|Any CPU.ActiveCfg = Release|Any CPU
		{FB250A5C-EA31-4514-8020-54336CB15769}.Release|Any CPU.Build.0 = Release|Any CPU
		{7D96ABD4-F353-4146-AA38-B2F04DE18D62}.Debug|Any CPU.ActiveCfg = Debug|Any CPU
		{7D96ABD4-F353-4146-AA38-B2F04DE18D62}.Debug|Any CPU.Build.0 = Debug|Any CPU
		{7D96ABD4-F353-4146-AA38-B2F04DE18D62}.Release|Any CPU.ActiveCfg = Release|Any CPU
		{7D96ABD4-F353-4146-AA38-B2F04DE18D62}.Release|Any CPU.Build.0 = Release|Any CPU
		{0F022A8E-EAC9-4A94-BF50-3E0922201485}.Debug|Any CPU.ActiveCfg = Debug|Any CPU
		{0F022A8E-EAC9-4A94-BF50-3E0922201485}.Debug|Any CPU.Build.0 = Debug|Any CPU
		{0F022A8E-EAC9-4A94-BF50-3E0922201485}.Release|Any CPU.ActiveCfg = Release|Any CPU
		{0F022A8E-EAC9-4A94-BF50-3E0922201485}.Release|Any CPU.Build.0 = Release|Any CPU
		{090FAD96-4CFA-4F36-967D-7BF49B098226}.Debug|Any CPU.ActiveCfg = Debug|Any CPU
		{090FAD96-4CFA-4F36-967D-7BF49B098226}.Debug|Any CPU.Build.0 = Debug|Any CPU
		{090FAD96-4CFA-4F36-967D-7BF49B098226}.Release|Any CPU.ActiveCfg = Release|Any CPU
		{090FAD96-4CFA-4F36-967D-7BF49B098226}.Release|Any CPU.Build.0 = Release|Any CPU
		{3E9150C3-1267-4B68-A432-C0520524B360}.Debug|Any CPU.ActiveCfg = Debug|Any CPU
		{3E9150C3-1267-4B68-A432-C0520524B360}.Debug|Any CPU.Build.0 = Debug|Any CPU
		{3E9150C3-1267-4B68-A432-C0520524B360}.Release|Any CPU.ActiveCfg = Release|Any CPU
		{3E9150C3-1267-4B68-A432-C0520524B360}.Release|Any CPU.Build.0 = Release|Any CPU
		{5DF76684-82E6-45AE-A4F8-3BEC94C09B9B}.Debug|Any CPU.ActiveCfg = Debug|Any CPU
		{5DF76684-82E6-45AE-A4F8-3BEC94C09B9B}.Debug|Any CPU.Build.0 = Debug|Any CPU
		{5DF76684-82E6-45AE-A4F8-3BEC94C09B9B}.Release|Any CPU.ActiveCfg = Release|Any CPU
		{5DF76684-82E6-45AE-A4F8-3BEC94C09B9B}.Release|Any CPU.Build.0 = Release|Any CPU
	EndGlobalSection
	GlobalSection(SolutionProperties) = preSolution
		HideSolutionNode = FALSE
	EndGlobalSection
	GlobalSection(NestedProjects) = preSolution
		{17D019D1-5528-4F19-BD03-A74FE9000E7C} = {EDDD7850-F5D2-4DD8-9C09-1D52B0852CD6}
		{ACB46322-62AA-43E7-8F6E-932EC1871403} = {EDDD7850-F5D2-4DD8-9C09-1D52B0852CD6}
		{078D31CB-4EE0-4BF9-8006-C0BBBE70F41B} = {EDDD7850-F5D2-4DD8-9C09-1D52B0852CD6}
		{FB250A5C-EA31-4514-8020-54336CB15769} = {ACB46322-62AA-43E7-8F6E-932EC1871403}
		{7D96ABD4-F353-4146-AA38-B2F04DE18D62} = {ACB46322-62AA-43E7-8F6E-932EC1871403}
		{0F022A8E-EAC9-4A94-BF50-3E0922201485} = {078D31CB-4EE0-4BF9-8006-C0BBBE70F41B}
		{090FAD96-4CFA-4F36-967D-7BF49B098226} = {078D31CB-4EE0-4BF9-8006-C0BBBE70F41B}
		{3E9150C3-1267-4B68-A432-C0520524B360} = {17D019D1-5528-4F19-BD03-A74FE9000E7C}
		{5DF76684-82E6-45AE-A4F8-3BEC94C09B9B} = {078D31CB-4EE0-4BF9-8006-C0BBBE70F41B}
	EndGlobalSection
EndGlobal
